// !$*UTF8*$!
{
	archiveVersion = 1;
	classes = {
	};
	objectVersion = 77;
	objects = {

/* Begin PBXBuildFile section */
		9A13366F2F0C8F7300C69948 /* FirebaseStorage in Frameworks */ = {isa = PBXBuildFile; productRef = 9A13366E2F0C8F7300C69948 /* FirebaseStorage */; };
		9AC62AC52F04AF2D006C478B /* FirebaseAnalytics in Frameworks */ = {isa = PBXBuildFile; productRef = 9AC62AC42F04AF2D006C478B /* FirebaseAnalytics */; };
		9AC62AC72F04AF2D006C478B /* FirebaseAnalyticsCore in Frameworks */ = {isa = PBXBuildFile; productRef = 9AC62AC62F04AF2D006C478B /* FirebaseAnalyticsCore */; };
		9AC62AC92F04AF2D006C478B /* FirebaseAuth in Frameworks */ = {isa = PBXBuildFile; productRef = 9AC62AC82F04AF2D006C478B /* FirebaseAuth */; };
		9AC62ACB2F04AF2D006C478B /* FirebaseCore in Frameworks */ = {isa = PBXBuildFile; productRef = 9AC62ACA2F04AF2D006C478B /* FirebaseCore */; };
		9AC62ACD2F04AF2D006C478B /* FirebaseFirestore in Frameworks */ = {isa = PBXBuildFile; productRef = 9AC62ACC2F04AF2D006C478B /* FirebaseFirestore */; };
		9AC62ACF2F04AF2D006C478B /* FirebaseMessaging in Frameworks */ = {isa = PBXBuildFile; productRef = 9AC62ACE2F04AF2D006C478B /* FirebaseMessaging */; };
/* End PBXBuildFile section */

/* Begin PBXContainerItemProxy section */
		9AC62AA52F04A914006C478B /* PBXContainerItemProxy */ = {
			isa = PBXContainerItemProxy;
			containerPortal = 9AC62A8F2F04A912006C478B /* Project object */;
			proxyType = 1;
			remoteGlobalIDString = 9AC62A962F04A912006C478B;
			remoteInfo = Eventorias;
		};
		9AC62AAF2F04A914006C478B /* PBXContainerItemProxy */ = {
			isa = PBXContainerItemProxy;
			containerPortal = 9AC62A8F2F04A912006C478B /* Project object */;
			proxyType = 1;
			remoteGlobalIDString = 9AC62A962F04A912006C478B;
			remoteInfo = Eventorias;
		};
/* End PBXContainerItemProxy section */

/* Begin PBXFileReference section */
		9A1337F62F10A55A00C69948 /* Eventorias.xctestplan */ = {isa = PBXFileReference; lastKnownFileType = text; path = Eventorias.xctestplan; sourceTree = "<group>"; };
		9AC62A972F04A912006C478B /* Eventorias.app */ = {isa = PBXFileReference; explicitFileType = wrapper.application; includeInIndex = 0; path = Eventorias.app; sourceTree = BUILT_PRODUCTS_DIR; };
		9AC62AA42F04A914006C478B /* EventoriasTests.xctest */ = {isa = PBXFileReference; explicitFileType = wrapper.cfbundle; includeInIndex = 0; path = EventoriasTests.xctest; sourceTree = BUILT_PRODUCTS_DIR; };
		9AC62AAE2F04A914006C478B /* EventoriasUITests.xctest */ = {isa = PBXFileReference; explicitFileType = wrapper.cfbundle; includeInIndex = 0; path = EventoriasUITests.xctest; sourceTree = BUILT_PRODUCTS_DIR; };
/* End PBXFileReference section */

/* Begin PBXFileSystemSynchronizedRootGroup section */
		9AC62A992F04A912006C478B /* Eventorias */ = {
			isa = PBXFileSystemSynchronizedRootGroup;
			path = Eventorias;
			sourceTree = "<group>";
		};
		9AC62AA72F04A914006C478B /* EventoriasTests */ = {
			isa = PBXFileSystemSynchronizedRootGroup;
			path = EventoriasTests;
			sourceTree = "<group>";
		};
		9AC62AB12F04A914006C478B /* EventoriasUITests */ = {
			isa = PBXFileSystemSynchronizedRootGroup;
			path = EventoriasUITests;
			sourceTree = "<group>";
		};
/* End PBXFileSystemSynchronizedRootGroup section */

/* Begin PBXFrameworksBuildPhase section */
		9AC62A942F04A912006C478B /* Frameworks */ = {
			isa = PBXFrameworksBuildPhase;
			buildActionMask = 2147483647;
			files = (
				9AC62ACF2F04AF2D006C478B /* FirebaseMessaging in Frameworks */,
				9AC62AC52F04AF2D006C478B /* FirebaseAnalytics in Frameworks */,
				9AC62AC92F04AF2D006C478B /* FirebaseAuth in Frameworks */,
				9AC62ACB2F04AF2D006C478B /* FirebaseCore in Frameworks */,
				9A13366F2F0C8F7300C69948 /* FirebaseStorage in Frameworks */,
				9AC62ACD2F04AF2D006C478B /* FirebaseFirestore in Frameworks */,
				9AC62AC72F04AF2D006C478B /* FirebaseAnalyticsCore in Frameworks */,
			);
			runOnlyForDeploymentPostprocessing = 0;
		};
		9AC62AA12F04A914006C478B /* Frameworks */ = {
			isa = PBXFrameworksBuildPhase;
			buildActionMask = 2147483647;
			files = (
			);
			runOnlyForDeploymentPostprocessing = 0;
		};
		9AC62AAB2F04A914006C478B /* Frameworks */ = {
			isa = PBXFrameworksBuildPhase;
			buildActionMask = 2147483647;
			files = (
			);
			runOnlyForDeploymentPostprocessing = 0;
		};
/* End PBXFrameworksBuildPhase section */

/* Begin PBXGroup section */
		9A13366D2F0C8F7300C69948 /* Frameworks */ = {
			isa = PBXGroup;
			children = (
			);
			name = Frameworks;
			sourceTree = "<group>";
		};
		9AC62A8E2F04A912006C478B = {
			isa = PBXGroup;
			children = (
				9A1337F62F10A55A00C69948 /* Eventorias.xctestplan */,
				9AC62A992F04A912006C478B /* Eventorias */,
				9AC62AA72F04A914006C478B /* EventoriasTests */,
				9AC62AB12F04A914006C478B /* EventoriasUITests */,
				9A13366D2F0C8F7300C69948 /* Frameworks */,
				9AC62A982F04A912006C478B /* Products */,
			);
			sourceTree = "<group>";
		};
		9AC62A982F04A912006C478B /* Products */ = {
			isa = PBXGroup;
			children = (
				9AC62A972F04A912006C478B /* Eventorias.app */,
				9AC62AA42F04A914006C478B /* EventoriasTests.xctest */,
				9AC62AAE2F04A914006C478B /* EventoriasUITests.xctest */,
			);
			name = Products;
			sourceTree = "<group>";
		};
/* End PBXGroup section */

/* Begin PBXNativeTarget section */
		9AC62A962F04A912006C478B /* Eventorias */ = {
			isa = PBXNativeTarget;
			buildConfigurationList = 9AC62AB82F04A914006C478B /* Build configuration list for PBXNativeTarget "Eventorias" */;
			buildPhases = (
				9AC62A932F04A912006C478B /* Sources */,
				9AC62A942F04A912006C478B /* Frameworks */,
				9AC62A952F04A912006C478B /* Resources */,
			);
			buildRules = (
			);
			dependencies = (
			);
			fileSystemSynchronizedGroups = (
				9AC62A992F04A912006C478B /* Eventorias */,
			);
			name = Eventorias;
			packageProductDependencies = (
				9AC62AC42F04AF2D006C478B /* FirebaseAnalytics */,
				9AC62AC62F04AF2D006C478B /* FirebaseAnalyticsCore */,
				9AC62AC82F04AF2D006C478B /* FirebaseAuth */,
				9AC62ACA2F04AF2D006C478B /* FirebaseCore */,
				9AC62ACC2F04AF2D006C478B /* FirebaseFirestore */,
				9AC62ACE2F04AF2D006C478B /* FirebaseMessaging */,
				9A13366E2F0C8F7300C69948 /* FirebaseStorage */,
			);
			productName = Eventorias;
			productReference = 9AC62A972F04A912006C478B /* Eventorias.app */;
			productType = "com.apple.product-type.application";
		};
		9AC62AA32F04A914006C478B /* EventoriasTests */ = {
			isa = PBXNativeTarget;
			buildConfigurationList = 9AC62ABB2F04A914006C478B /* Build configuration list for PBXNativeTarget "EventoriasTests" */;
			buildPhases = (
				9AC62AA02F04A914006C478B /* Sources */,
				9AC62AA12F04A914006C478B /* Frameworks */,
				9AC62AA22F04A914006C478B /* Resources */,
			);
			buildRules = (
			);
			dependencies = (
				9AC62AA62F04A914006C478B /* PBXTargetDependency */,
			);
			fileSystemSynchronizedGroups = (
				9AC62AA72F04A914006C478B /* EventoriasTests */,
			);
			name = EventoriasTests;
			packageProductDependencies = (
			);
			productName = EventoriasTests;
			productReference = 9AC62AA42F04A914006C478B /* EventoriasTests.xctest */;
			productType = "com.apple.product-type.bundle.unit-test";
		};
		9AC62AAD2F04A914006C478B /* EventoriasUITests */ = {
			isa = PBXNativeTarget;
			buildConfigurationList = 9AC62ABE2F04A914006C478B /* Build configuration list for PBXNativeTarget "EventoriasUITests" */;
			buildPhases = (
				9AC62AAA2F04A914006C478B /* Sources */,
				9AC62AAB2F04A914006C478B /* Frameworks */,
				9AC62AAC2F04A914006C478B /* Resources */,
			);
			buildRules = (
			);
			dependencies = (
				9AC62AB02F04A914006C478B /* PBXTargetDependency */,
			);
			fileSystemSynchronizedGroups = (
				9AC62AB12F04A914006C478B /* EventoriasUITests */,
			);
			name = EventoriasUITests;
			packageProductDependencies = (
			);
			productName = EventoriasUITests;
			productReference = 9AC62AAE2F04A914006C478B /* EventoriasUITests.xctest */;
			productType = "com.apple.product-type.bundle.ui-testing";
		};
/* End PBXNativeTarget section */

/* Begin PBXProject section */
		9AC62A8F2F04A912006C478B /* Project object */ = {
			isa = PBXProject;
			attributes = {
				BuildIndependentTargetsInParallel = 1;
				LastSwiftUpdateCheck = 2620;
				LastUpgradeCheck = 2620;
				TargetAttributes = {
					9AC62A962F04A912006C478B = {
						CreatedOnToolsVersion = 26.2;
					};
					9AC62AA32F04A914006C478B = {
						CreatedOnToolsVersion = 26.2;
						TestTargetID = 9AC62A962F04A912006C478B;
					};
					9AC62AAD2F04A914006C478B = {
						CreatedOnToolsVersion = 26.2;
						TestTargetID = 9AC62A962F04A912006C478B;
					};
				};
			};
			buildConfigurationList = 9AC62A922F04A912006C478B /* Build configuration list for PBXProject "Eventorias" */;
			developmentRegion = en;
			hasScannedForEncodings = 0;
			knownRegions = (
				en,
				Base,
			);
			mainGroup = 9AC62A8E2F04A912006C478B;
			minimizedProjectReferenceProxies = 1;
			packageReferences = (
				9AC62AC32F04AF2D006C478B /* XCRemoteSwiftPackageReference "firebase-ios-sdk" */,
			);
			preferredProjectObjectVersion = 77;
			productRefGroup = 9AC62A982F04A912006C478B /* Products */;
			projectDirPath = "";
			projectRoot = "";
			targets = (
				9AC62A962F04A912006C478B /* Eventorias */,
				9AC62AA32F04A914006C478B /* EventoriasTests */,
				9AC62AAD2F04A914006C478B /* EventoriasUITests */,
			);
		};
/* End PBXProject section */

/* Begin PBXResourcesBuildPhase section */
		9AC62A952F04A912006C478B /* Resources */ = {
			isa = PBXResourcesBuildPhase;
			buildActionMask = 2147483647;
			files = (
			);
			runOnlyForDeploymentPostprocessing = 0;
		};
		9AC62AA22F04A914006C478B /* Resources */ = {
			isa = PBXResourcesBuildPhase;
			buildActionMask = 2147483647;
			files = (
			);
			runOnlyForDeploymentPostprocessing = 0;
		};
		9AC62AAC2F04A914006C478B /* Resources */ = {
			isa = PBXResourcesBuildPhase;
			buildActionMask = 2147483647;
			files = (
			);
			runOnlyForDeploymentPostprocessing = 0;
		};
/* End PBXResourcesBuildPhase section */

/* Begin PBXSourcesBuildPhase section */
		9AC62A932F04A912006C478B /* Sources */ = {
			isa = PBXSourcesBuildPhase;
			buildActionMask = 2147483647;
			files = (
			);
			runOnlyForDeploymentPostprocessing = 0;
		};
		9AC62AA02F04A914006C478B /* Sources */ = {
			isa = PBXSourcesBuildPhase;
			buildActionMask = 2147483647;
			files = (
			);
			runOnlyForDeploymentPostprocessing = 0;
		};
		9AC62AAA2F04A914006C478B /* Sources */ = {
			isa = PBXSourcesBuildPhase;
			buildActionMask = 2147483647;
			files = (
			);
			runOnlyForDeploymentPostprocessing = 0;
		};
/* End PBXSourcesBuildPhase section */

/* Begin PBXTargetDependency section */
		9AC62AA62F04A914006C478B /* PBXTargetDependency */ = {
			isa = PBXTargetDependency;
			target = 9AC62A962F04A912006C478B /* Eventorias */;
			targetProxy = 9AC62AA52F04A914006C478B /* PBXContainerItemProxy */;
		};
		9AC62AB02F04A914006C478B /* PBXTargetDependency */ = {
			isa = PBXTargetDependency;
			target = 9AC62A962F04A912006C478B /* Eventorias */;
			targetProxy = 9AC62AAF2F04A914006C478B /* PBXContainerItemProxy */;
		};
/* End PBXTargetDependency section */

/* Begin XCBuildConfiguration section */
		9AC62AB62F04A914006C478B /* Debug */ = {
			isa = XCBuildConfiguration;
			buildSettings = {
				ALWAYS_SEARCH_USER_PATHS = NO;
				ASSETCATALOG_COMPILER_GENERATE_SWIFT_ASSET_SYMBOL_EXTENSIONS = YES;
				CLANG_ANALYZER_NONNULL = YES;
				CLANG_ANALYZER_NUMBER_OBJECT_CONVERSION = YES_AGGRESSIVE;
				CLANG_CXX_LANGUAGE_STANDARD = "gnu++20";
				CLANG_ENABLE_MODULES = YES;
				CLANG_ENABLE_OBJC_ARC = YES;
				CLANG_ENABLE_OBJC_WEAK = YES;
				CLANG_WARN_BLOCK_CAPTURE_AUTORELEASING = YES;
				CLANG_WARN_BOOL_CONVERSION = YES;
				CLANG_WARN_COMMA = YES;
				CLANG_WARN_CONSTANT_CONVERSION = YES;
				CLANG_WARN_DEPRECATED_OBJC_IMPLEMENTATIONS = YES;
				CLANG_WARN_DIRECT_OBJC_ISA_USAGE = YES_ERROR;
				CLANG_WARN_DOCUMENTATION_COMMENTS = YES;
				CLANG_WARN_EMPTY_BODY = YES;
				CLANG_WARN_ENUM_CONVERSION = YES;
				CLANG_WARN_INFINITE_RECURSION = YES;
				CLANG_WARN_INT_CONVERSION = YES;
				CLANG_WARN_NON_LITERAL_NULL_CONVERSION = YES;
				CLANG_WARN_OBJC_IMPLICIT_RETAIN_SELF = YES;
				CLANG_WARN_OBJC_LITERAL_CONVERSION = YES;
				CLANG_WARN_OBJC_ROOT_CLASS = YES_ERROR;
				CLANG_WARN_QUOTED_INCLUDE_IN_FRAMEWORK_HEADER = YES;
				CLANG_WARN_RANGE_LOOP_ANALYSIS = YES;
				CLANG_WARN_STRICT_PROTOTYPES = YES;
				CLANG_WARN_SUSPICIOUS_MOVE = YES;
				CLANG_WARN_UNGUARDED_AVAILABILITY = YES_AGGRESSIVE;
				CLANG_WARN_UNREACHABLE_CODE = YES;
				CLANG_WARN__DUPLICATE_METHOD_MATCH = YES;
				COPY_PHASE_STRIP = NO;
				DEBUG_INFORMATION_FORMAT = dwarf;
				DEVELOPMENT_TEAM = HZAZV43ASV;
				ENABLE_STRICT_OBJC_MSGSEND = YES;
				ENABLE_TESTABILITY = YES;
				ENABLE_USER_SCRIPT_SANDBOXING = YES;
				GCC_C_LANGUAGE_STANDARD = gnu17;
				GCC_DYNAMIC_NO_PIC = NO;
				GCC_NO_COMMON_BLOCKS = YES;
				GCC_OPTIMIZATION_LEVEL = 0;
				GCC_PREPROCESSOR_DEFINITIONS = (
					"DEBUG=1",
					"$(inherited)",
				);
				GCC_WARN_64_TO_32_BIT_CONVERSION = YES;
				GCC_WARN_ABOUT_RETURN_TYPE = YES_ERROR;
				GCC_WARN_UNDECLARED_SELECTOR = YES;
				GCC_WARN_UNINITIALIZED_AUTOS = YES_AGGRESSIVE;
				GCC_WARN_UNUSED_FUNCTION = YES;
				GCC_WARN_UNUSED_VARIABLE = YES;
				IPHONEOS_DEPLOYMENT_TARGET = 26.2;
				LOCALIZATION_PREFERS_STRING_CATALOGS = YES;
				MTL_ENABLE_DEBUG_INFO = INCLUDE_SOURCE;
				MTL_FAST_MATH = YES;
				ONLY_ACTIVE_ARCH = YES;
				SDKROOT = iphoneos;
				SWIFT_ACTIVE_COMPILATION_CONDITIONS = "DEBUG $(inherited)";
				SWIFT_OPTIMIZATION_LEVEL = "-Onone";
			};
			name = Debug;
		};
		9AC62AB72F04A914006C478B /* Release */ = {
			isa = XCBuildConfiguration;
			buildSettings = {
				ALWAYS_SEARCH_USER_PATHS = NO;
				ASSETCATALOG_COMPILER_GENERATE_SWIFT_ASSET_SYMBOL_EXTENSIONS = YES;
				CLANG_ANALYZER_NONNULL = YES;
				CLANG_ANALYZER_NUMBER_OBJECT_CONVERSION = YES_AGGRESSIVE;
				CLANG_CXX_LANGUAGE_STANDARD = "gnu++20";
				CLANG_ENABLE_MODULES = YES;
				CLANG_ENABLE_OBJC_ARC = YES;
				CLANG_ENABLE_OBJC_WEAK = YES;
				CLANG_WARN_BLOCK_CAPTURE_AUTORELEASING = YES;
				CLANG_WARN_BOOL_CONVERSION = YES;
				CLANG_WARN_COMMA = YES;
				CLANG_WARN_CONSTANT_CONVERSION = YES;
				CLANG_WARN_DEPRECATED_OBJC_IMPLEMENTATIONS = YES;
				CLANG_WARN_DIRECT_OBJC_ISA_USAGE = YES_ERROR;
				CLANG_WARN_DOCUMENTATION_COMMENTS = YES;
				CLANG_WARN_EMPTY_BODY = YES;
				CLANG_WARN_ENUM_CONVERSION = YES;
				CLANG_WARN_INFINITE_RECURSION = YES;
				CLANG_WARN_INT_CONVERSION = YES;
				CLANG_WARN_NON_LITERAL_NULL_CONVERSION = YES;
				CLANG_WARN_OBJC_IMPLICIT_RETAIN_SELF = YES;
				CLANG_WARN_OBJC_LITERAL_CONVERSION = YES;
				CLANG_WARN_OBJC_ROOT_CLASS = YES_ERROR;
				CLANG_WARN_QUOTED_INCLUDE_IN_FRAMEWORK_HEADER = YES;
				CLANG_WARN_RANGE_LOOP_ANALYSIS = YES;
				CLANG_WARN_STRICT_PROTOTYPES = YES;
				CLANG_WARN_SUSPICIOUS_MOVE = YES;
				CLANG_WARN_UNGUARDED_AVAILABILITY = YES_AGGRESSIVE;
				CLANG_WARN_UNREACHABLE_CODE = YES;
				CLANG_WARN__DUPLICATE_METHOD_MATCH = YES;
				COPY_PHASE_STRIP = NO;
				DEBUG_INFORMATION_FORMAT = "dwarf-with-dsym";
				DEVELOPMENT_TEAM = HZAZV43ASV;
				ENABLE_NS_ASSERTIONS = NO;
				ENABLE_STRICT_OBJC_MSGSEND = YES;
				ENABLE_USER_SCRIPT_SANDBOXING = YES;
				GCC_C_LANGUAGE_STANDARD = gnu17;
				GCC_NO_COMMON_BLOCKS = YES;
				GCC_WARN_64_TO_32_BIT_CONVERSION = YES;
				GCC_WARN_ABOUT_RETURN_TYPE = YES_ERROR;
				GCC_WARN_UNDECLARED_SELECTOR = YES;
				GCC_WARN_UNINITIALIZED_AUTOS = YES_AGGRESSIVE;
				GCC_WARN_UNUSED_FUNCTION = YES;
				GCC_WARN_UNUSED_VARIABLE = YES;
				IPHONEOS_DEPLOYMENT_TARGET = 26.2;
				LOCALIZATION_PREFERS_STRING_CATALOGS = YES;
				MTL_ENABLE_DEBUG_INFO = NO;
				MTL_FAST_MATH = YES;
				SDKROOT = iphoneos;
				SWIFT_COMPILATION_MODE = wholemodule;
				VALIDATE_PRODUCT = YES;
			};
			name = Release;
		};
		9AC62AB92F04A914006C478B /* Debug */ = {
			isa = XCBuildConfiguration;
			buildSettings = {
				ASSETCATALOG_COMPILER_APPICON_NAME = AppIcon;
				ASSETCATALOG_COMPILER_GLOBAL_ACCENT_COLOR_NAME = AccentColor;
				CODE_SIGN_STYLE = Automatic;
				CURRENT_PROJECT_VERSION = 1;
				DEVELOPMENT_TEAM = HZAZV43ASV;
				ENABLE_PREVIEWS = YES;
				GENERATE_INFOPLIST_FILE = YES;
				INFOPLIST_KEY_NSCameraUsageDescription = "Cette application a besoin d’accéder à la caméra pour ajouter une photo à un événement.";
				INFOPLIST_KEY_UIApplicationSceneManifest_Generation = YES;
				INFOPLIST_KEY_UIApplicationSupportsIndirectInputEvents = YES;
				INFOPLIST_KEY_UILaunchScreen_Generation = YES;
				INFOPLIST_KEY_UISupportedInterfaceOrientations = UIInterfaceOrientationPortrait;
				INFOPLIST_KEY_UISupportedInterfaceOrientations_iPad = "UIInterfaceOrientationLandscapeLeft UIInterfaceOrientationLandscapeRight UIInterfaceOrientationPortrait UIInterfaceOrientationPortraitUpsideDown";
				LD_RUNPATH_SEARCH_PATHS = (
					"$(inherited)",
					"@executable_path/Frameworks",
				);
				MARKETING_VERSION = 1.0;
				PRODUCT_BUNDLE_IDENTIFIER = cantoch.Eventorias;
				PRODUCT_NAME = "$(TARGET_NAME)";
				STRING_CATALOG_GENERATE_SYMBOLS = YES;
				SWIFT_APPROACHABLE_CONCURRENCY = YES;
				SWIFT_DEFAULT_ACTOR_ISOLATION = MainActor;
				SWIFT_EMIT_LOC_STRINGS = YES;
				SWIFT_UPCOMING_FEATURE_MEMBER_IMPORT_VISIBILITY = YES;
				SWIFT_VERSION = 5.0;
				TARGETED_DEVICE_FAMILY = "1,2";
			};
			name = Debug;
		};
		9AC62ABA2F04A914006C478B /* Release */ = {
			isa = XCBuildConfiguration;
			buildSettings = {
				ASSETCATALOG_COMPILER_APPICON_NAME = AppIcon;
				ASSETCATALOG_COMPILER_GLOBAL_ACCENT_COLOR_NAME = AccentColor;
				CODE_SIGN_STYLE = Automatic;
				CURRENT_PROJECT_VERSION = 1;
				DEVELOPMENT_TEAM = HZAZV43ASV;
				ENABLE_PREVIEWS = YES;
				GENERATE_INFOPLIST_FILE = YES;
				INFOPLIST_KEY_NSCameraUsageDescription = "Cette application a besoin d’accéder à la caméra pour ajouter une photo à un événement.";
				INFOPLIST_KEY_UIApplicationSceneManifest_Generation = YES;
				INFOPLIST_KEY_UIApplicationSupportsIndirectInputEvents = YES;
				INFOPLIST_KEY_UILaunchScreen_Generation = YES;
				INFOPLIST_KEY_UISupportedInterfaceOrientations = UIInterfaceOrientationPortrait;
				INFOPLIST_KEY_UISupportedInterfaceOrientations_iPad = "UIInterfaceOrientationLandscapeLeft UIInterfaceOrientationLandscapeRight UIInterfaceOrientationPortrait UIInterfaceOrientationPortraitUpsideDown";
				LD_RUNPATH_SEARCH_PATHS = (
					"$(inherited)",
					"@executable_path/Frameworks",
				);
				MARKETING_VERSION = 1.0;
				PRODUCT_BUNDLE_IDENTIFIER = cantoch.Eventorias;
				PRODUCT_NAME = "$(TARGET_NAME)";
				STRING_CATALOG_GENERATE_SYMBOLS = YES;
				SWIFT_APPROACHABLE_CONCURRENCY = YES;
				SWIFT_DEFAULT_ACTOR_ISOLATION = MainActor;
				SWIFT_EMIT_LOC_STRINGS = YES;
				SWIFT_UPCOMING_FEATURE_MEMBER_IMPORT_VISIBILITY = YES;
				SWIFT_VERSION = 5.0;
				TARGETED_DEVICE_FAMILY = "1,2";
			};
			name = Release;
		};
		9AC62ABC2F04A914006C478B /* Debug */ = {
			isa = XCBuildConfiguration;
			buildSettings = {
				BUNDLE_LOADER = "$(TEST_HOST)";
				CODE_SIGN_STYLE = Automatic;
				CURRENT_PROJECT_VERSION = 1;
				DEVELOPMENT_TEAM = HZAZV43ASV;
				GENERATE_INFOPLIST_FILE = YES;
				IPHONEOS_DEPLOYMENT_TARGET = 26.2;
				MARKETING_VERSION = 1.0;
				PRODUCT_BUNDLE_IDENTIFIER = cantoch.EventoriasTests;
				PRODUCT_NAME = "$(TARGET_NAME)";
				STRING_CATALOG_GENERATE_SYMBOLS = NO;
				SWIFT_APPROACHABLE_CONCURRENCY = YES;
				SWIFT_EMIT_LOC_STRINGS = NO;
				SWIFT_UPCOMING_FEATURE_MEMBER_IMPORT_VISIBILITY = YES;
				SWIFT_VERSION = 5.0;
				TARGETED_DEVICE_FAMILY = "1,2";
				TEST_HOST = "$(BUILT_PRODUCTS_DIR)/Eventorias.app/$(BUNDLE_EXECUTABLE_FOLDER_PATH)/Eventorias";
			};
			name = Debug;
		};
		9AC62ABD2F04A914006C478B /* Release */ = {
			isa = XCBuildConfiguration;
			buildSettings = {
				BUNDLE_LOADER = "$(TEST_HOST)";
				CODE_SIGN_STYLE = Automatic;
				CURRENT_PROJECT_VERSION = 1;
				DEVELOPMENT_TEAM = HZAZV43ASV;
				GENERATE_INFOPLIST_FILE = YES;
				IPHONEOS_DEPLOYMENT_TARGET = 26.2;
				MARKETING_VERSION = 1.0;
				PRODUCT_BUNDLE_IDENTIFIER = cantoch.EventoriasTests;
				PRODUCT_NAME = "$(TARGET_NAME)";
				STRING_CATALOG_GENERATE_SYMBOLS = NO;
				SWIFT_APPROACHABLE_CONCURRENCY = YES;
				SWIFT_EMIT_LOC_STRINGS = NO;
				SWIFT_UPCOMING_FEATURE_MEMBER_IMPORT_VISIBILITY = YES;
				SWIFT_VERSION = 5.0;
				TARGETED_DEVICE_FAMILY = "1,2";
				TEST_HOST = "$(BUILT_PRODUCTS_DIR)/Eventorias.app/$(BUNDLE_EXECUTABLE_FOLDER_PATH)/Eventorias";
			};
			name = Release;
		};
		9AC62ABF2F04A914006C478B /* Debug */ = {
			isa = XCBuildConfiguration;
			buildSettings = {
				CODE_SIGN_STYLE = Automatic;
				CURRENT_PROJECT_VERSION = 1;
				DEVELOPMENT_TEAM = HZAZV43ASV;
				GENERATE_INFOPLIST_FILE = YES;
				MARKETING_VERSION = 1.0;
				PRODUCT_BUNDLE_IDENTIFIER = cantoch.EventoriasUITests;
				PRODUCT_NAME = "$(TARGET_NAME)";
				STRING_CATALOG_GENERATE_SYMBOLS = NO;
				SWIFT_APPROACHABLE_CONCURRENCY = YES;
				SWIFT_EMIT_LOC_STRINGS = NO;
				SWIFT_UPCOMING_FEATURE_MEMBER_IMPORT_VISIBILITY = YES;
				SWIFT_VERSION = 5.0;
				TARGETED_DEVICE_FAMILY = "1,2";
				TEST_TARGET_NAME = Eventorias;
			};
			name = Debug;
		};
		9AC62AC02F04A914006C478B /* Release */ = {
			isa = XCBuildConfiguration;
			buildSettings = {
				CODE_SIGN_STYLE = Automatic;
				CURRENT_PROJECT_VERSION = 1;
				DEVELOPMENT_TEAM = HZAZV43ASV;
				GENERATE_INFOPLIST_FILE = YES;
				MARKETING_VERSION = 1.0;
				PRODUCT_BUNDLE_IDENTIFIER = cantoch.EventoriasUITests;
				PRODUCT_NAME = "$(TARGET_NAME)";
				STRING_CATALOG_GENERATE_SYMBOLS = NO;
				SWIFT_APPROACHABLE_CONCURRENCY = YES;
				SWIFT_EMIT_LOC_STRINGS = NO;
				SWIFT_UPCOMING_FEATURE_MEMBER_IMPORT_VISIBILITY = YES;
				SWIFT_VERSION = 5.0;
				TARGETED_DEVICE_FAMILY = "1,2";
				TEST_TARGET_NAME = Eventorias;
			};
			name = Release;
		};
/* End XCBuildConfiguration section */

/* Begin XCConfigurationList section */
		9AC62A922F04A912006C478B /* Build configuration list for PBXProject "Eventorias" */ = {
			isa = XCConfigurationList;
			buildConfigurations = (
				9AC62AB62F04A914006C478B /* Debug */,
				9AC62AB72F04A914006C478B /* Release */,
			);
			defaultConfigurationIsVisible = 0;
			defaultConfigurationName = Release;
		};
		9AC62AB82F04A914006C478B /* Build configuration list for PBXNativeTarget "Eventorias" */ = {
			isa = XCConfigurationList;
			buildConfigurations = (
				9AC62AB92F04A914006C478B /* Debug */,
				9AC62ABA2F04A914006C478B /* Release */,
			);
			defaultConfigurationIsVisible = 0;
			defaultConfigurationName = Release;
		};
		9AC62ABB2F04A914006C478B /* Build configuration list for PBXNativeTarget "EventoriasTests" */ = {
			isa = XCConfigurationList;
			buildConfigurations = (
				9AC62ABC2F04A914006C478B /* Debug */,
				9AC62ABD2F04A914006C478B /* Release */,
			);
			defaultConfigurationIsVisible = 0;
			defaultConfigurationName = Release;
		};
		9AC62ABE2F04A914006C478B /* Build configuration list for PBXNativeTarget "EventoriasUITests" */ = {
			isa = XCConfigurationList;
			buildConfigurations = (
				9AC62ABF2F04A914006C478B /* Debug */,
				9AC62AC02F04A914006C478B /* Release */,
			);
			defaultConfigurationIsVisible = 0;
			defaultConfigurationName = Release;
		};
/* End XCConfigurationList section */

/* Begin XCRemoteSwiftPackageReference section */
		9AC62AC32F04AF2D006C478B /* XCRemoteSwiftPackageReference "firebase-ios-sdk" */ = {
			isa = XCRemoteSwiftPackageReference;
			repositoryURL = "https://github.com/firebase/firebase-ios-sdk";
			requirement = {
				kind = upToNextMajorVersion;
				minimumVersion = 12.7.0;
			};
		};
/* End XCRemoteSwiftPackageReference section */

/* Begin XCSwiftPackageProductDependency section */
		9A13366E2F0C8F7300C69948 /* FirebaseStorage */ = {
			isa = XCSwiftPackageProductDependency;
			package = 9AC62AC32F04AF2D006C478B /* XCRemoteSwiftPackageReference "firebase-ios-sdk" */;
			productName = FirebaseStorage;
		};
		9AC62AC42F04AF2D006C478B /* FirebaseAnalytics */ = {
			isa = XCSwiftPackageProductDependency;
			package = 9AC62AC32F04AF2D006C478B /* XCRemoteSwiftPackageReference "firebase-ios-sdk" */;
			productName = FirebaseAnalytics;
		};
		9AC62AC62F04AF2D006C478B /* FirebaseAnalyticsCore */ = {
			isa = XCSwiftPackageProductDependency;
			package = 9AC62AC32F04AF2D006C478B /* XCRemoteSwiftPackageReference "firebase-ios-sdk" */;
			productName = FirebaseAnalyticsCore;
		};
		9AC62AC82F04AF2D006C478B /* FirebaseAuth */ = {
			isa = XCSwiftPackageProductDependency;
			package = 9AC62AC32F04AF2D006C478B /* XCRemoteSwiftPackageReference "firebase-ios-sdk" */;
			productName = FirebaseAuth;
		};
		9AC62ACA2F04AF2D006C478B /* FirebaseCore */ = {
			isa = XCSwiftPackageProductDependency;
			package = 9AC62AC32F04AF2D006C478B /* XCRemoteSwiftPackageReference "firebase-ios-sdk" */;
			productName = FirebaseCore;
		};
		9AC62ACC2F04AF2D006C478B /* FirebaseFirestore */ = {
			isa = XCSwiftPackageProductDependency;
			package = 9AC62AC32F04AF2D006C478B /* XCRemoteSwiftPackageReference "firebase-ios-sdk" */;
			productName = FirebaseFirestore;
		};
		9AC62ACE2F04AF2D006C478B /* FirebaseMessaging */ = {
			isa = XCSwiftPackageProductDependency;
			package = 9AC62AC32F04AF2D006C478B /* XCRemoteSwiftPackageReference "firebase-ios-sdk" */;
			productName = FirebaseMessaging;
		};
/* End XCSwiftPackageProductDependency section */
	};
	rootObject = 9AC62A8F2F04A912006C478B /* Project object */;
}
